
Microsoft Visual Studio Solution File, Format Version 12.00
# Visual Studio 15
VisualStudioVersion = 15.0.27428.2005
MinimumVisualStudioVersion = 10.0.40219.1
Project("{FAE04EC0-301F-11D3-BF4B-00C04F79EFBC}") = "Fortnite.Net", "Fortnite.Net\Fortnite.Net.csproj", "{4D6E6547-9DE3-4B0F-A152-687E9E45F6EA}"
EndProject
Global
	GlobalSection(SolutionConfigurationPlatforms) = preSolution
		Debug|Any CPU = Debug|Any CPU
		Release|Any CPU = Release|Any CPU
	EndGlobalSection
	GlobalSection(ProjectConfigurationPlatforms) = postSolution
		{4D6E6547-9DE3-4B0F-A152-687E9E45F6EA}.Debug|Any CPU.ActiveCfg = Debug|Any CPU
		{4D6E6547-9DE3-4B0F-A152-687E9E45F6EA}.Debug|Any CPU.Build.0 = Debug|Any CPU
		{4D6E6547-9DE3-4B0F-A152-687E9E45F6EA}.Release|Any CPU.ActiveCfg = Release|Any CPU
		{4D6E6547-9DE3-4B0F-A152-687E9E45F6EA}.Release|Any CPU.Build.0 = Release|Any CPU
	EndGlobalSection
	GlobalSection(SolutionProperties) = preSolution
		HideSolutionNode = FALSE
	EndGlobalSection
	GlobalSection(ExtensibilityGlobals) = postSolution
		SolutionGuid = {65E55E1F-6D04-4E4E-A564-7178D916B903}
	EndGlobalSection
EndGlobal
